// !$*UTF8*$!
{
	archiveVersion = 1;
	classes = {
	};
	objectVersion = 56;
	objects = {

/* Begin PBXBuildFile section */
		AABB000000000051 /* Assets.xcassets in Resources */ = {isa = PBXBuildFile; fileRef = AABB000000000050 /* Assets.xcassets */; };
		AABB000000000201 /* BabyCareApp.swift in Sources */ = {isa = PBXBuildFile; fileRef = AABB000000000101 /* BabyCareApp.swift */; };
		AABB000000000203 /* CalendarView.swift in Sources */ = {isa = PBXBuildFile; fileRef = AABB000000000103 /* CalendarView.swift */; };
		AABB000000000205 /* ContentView.swift in Sources */ = {isa = PBXBuildFile; fileRef = AABB000000000105 /* ContentView.swift */; };
		AABB000000000206 /* ContractionTimerView.swift in Sources */ = {isa = PBXBuildFile; fileRef = AABB000000000106 /* ContractionTimerView.swift */; };
		AABB000000000207 /* DesignSystem.swift in Sources */ = {isa = PBXBuildFile; fileRef = AABB000000000107 /* DesignSystem.swift */; };
		AABB000000000209 /* HomeView.swift in Sources */ = {isa = PBXBuildFile; fileRef = AABB000000000109 /* HomeView.swift */; };
		AABB00000000020A /* JournalView.swift in Sources */ = {isa = PBXBuildFile; fileRef = AABB00000000010A /* JournalView.swift */; };
		AABB00000000020B /* KnowledgeBaseData.swift in Sources */ = {isa = PBXBuildFile; fileRef = AABB00000000010B /* KnowledgeBaseData.swift */; };
		AABB00000000020C /* KnowledgeBaseView.swift in Sources */ = {isa = PBXBuildFile; fileRef = AABB00000000010C /* KnowledgeBaseView.swift */; };
		AABB00000000020D /* Models.swift in Sources */ = {isa = PBXBuildFile; fileRef = AABB00000000010D /* Models.swift */; };
		AABB00000000020E /* OnboardingView.swift in Sources */ = {isa = PBXBuildFile; fileRef = AABB00000000010E /* OnboardingView.swift */; };
		AABB00000000020F /* ProfileView.swift in Sources */ = {isa = PBXBuildFile; fileRef = AABB00000000010F /* ProfileView.swift */; };
		AABB000000000301 /* ChildrenStories.swift in Sources */ = {isa = PBXBuildFile; fileRef = AABB000000000401 /* ChildrenStories.swift */; };
		AABB000000000302 /* CompareView.swift in Sources */ = {isa = PBXBuildFile; fileRef = AABB000000000402 /* CompareView.swift */; };
		AABB000000000303 /* CourseData.swift in Sources */ = {isa = PBXBuildFile; fileRef = AABB000000000403 /* CourseData.swift */; };
		AABB000000000304 /* CoursesView.swift in Sources */ = {isa = PBXBuildFile; fileRef = AABB000000000404 /* CoursesView.swift */; };
		AABB000000000305 /* CycleTracker.swift in Sources */ = {isa = PBXBuildFile; fileRef = AABB000000000405 /* CycleTracker.swift */; };
		AABB000000000306 /* DuJustNuData.swift in Sources */ = {isa = PBXBuildFile; fileRef = AABB000000000406 /* DuJustNuData.swift */; };
		AABB000000000307 /* DuJustNuView.swift in Sources */ = {isa = PBXBuildFile; fileRef = AABB000000000407 /* DuJustNuView.swift */; };
		AABB000000000308 /* FertilityDashboard.swift in Sources */ = {isa = PBXBuildFile; fileRef = AABB000000000408 /* FertilityDashboard.swift */; };
		AABB000000000309 /* ForumCard.swift in Sources */ = {isa = PBXBuildFile; fileRef = AABB000000000409 /* ForumCard.swift */; };
		AABB00000000030A /* GrowthCharts.swift in Sources */ = {isa = PBXBuildFile; fileRef = AABB00000000040A /* GrowthCharts.swift */; };
		AABB00000000030B /* LogGraphs.swift in Sources */ = {isa = PBXBuildFile; fileRef = AABB00000000040B /* LogGraphs.swift */; };
		AABB00000000030C /* LoggingHub.swift in Sources */ = {isa = PBXBuildFile; fileRef = AABB00000000040C /* LoggingHub.swift */; };
		AABB00000000030D /* MockFirebaseService.swift in Sources */ = {isa = PBXBuildFile; fileRef = AABB00000000040D /* MockFirebaseService.swift */; };
		AABB00000000030E /* PregnancyDashboard.swift in Sources */ = {isa = PBXBuildFile; fileRef = AABB00000000040E /* PregnancyDashboard.swift */; };
		AABB00000000030F /* PregnancyWeekData.swift in Sources */ = {isa = PBXBuildFile; fileRef = AABB00000000040F /* PregnancyWeekData.swift */; };
		AABB000000000310 /* ResourcesView.swift in Sources */ = {isa = PBXBuildFile; fileRef = AABB000000000410 /* ResourcesView.swift */; };
		AABB000000000311 /* StoriesView.swift in Sources */ = {isa = PBXBuildFile; fileRef = AABB000000000411 /* StoriesView.swift */; };
		AABB000000000312 /* WeekByWeekView.swift in Sources */ = {isa = PBXBuildFile; fileRef = AABB000000000412 /* WeekByWeekView.swift */; };
		/* Test build files */
		BBCC000000000201 /* BabyCareTests.swift in Sources */ = {isa = PBXBuildFile; fileRef = BBCC000000000101 /* BabyCareTests.swift */; };
		BBCC000000000202 /* Models.swift in Sources */ = {isa = PBXBuildFile; fileRef = AABB00000000010D /* Models.swift */; };
		BBCC000000000203 /* PregnancyWeekData.swift in Sources */ = {isa = PBXBuildFile; fileRef = AABB00000000040F /* PregnancyWeekData.swift */; };
		BBCC000000000204 /* KnowledgeBaseData.swift in Sources */ = {isa = PBXBuildFile; fileRef = AABB00000000010B /* KnowledgeBaseData.swift */; };
		BBCC000000000205 /* CourseData.swift in Sources */ = {isa = PBXBuildFile; fileRef = AABB000000000403 /* CourseData.swift */; };
		BBCC000000000206 /* ChildrenStories.swift in Sources */ = {isa = PBXBuildFile; fileRef = AABB000000000401 /* ChildrenStories.swift */; };
/* End PBXBuildFile section */

/* Begin PBXFileReference section */
		AABB000000000011 /* BabyCare.app */ = {isa = PBXFileReference; explicitFileType = wrapper.application; includeInIndex = 0; path = BabyCare.app; sourceTree = BUILT_PRODUCTS_DIR; };
		AABB000000000050 /* Assets.xcassets */ = {isa = PBXFileReference; lastKnownFileType = folder.assetcatalog; path = Assets.xcassets; sourceTree = "<group>"; };
		AABB000000000052 /* Info.plist */ = {isa = PBXFileReference; lastKnownFileType = text.plist.xml; path = Info.plist; sourceTree = "<group>"; };
		AABB000000000101 /* BabyCareApp.swift */ = {isa = PBXFileReference; lastKnownFileType = sourcecode.swift; path = BabyCareApp.swift; sourceTree = "<group>"; };
		AABB000000000103 /* CalendarView.swift */ = {isa = PBXFileReference; lastKnownFileType = sourcecode.swift; path = CalendarView.swift; sourceTree = "<group>"; };
		AABB000000000105 /* ContentView.swift */ = {isa = PBXFileReference; lastKnownFileType = sourcecode.swift; path = ContentView.swift; sourceTree = "<group>"; };
		AABB000000000106 /* ContractionTimerView.swift */ = {isa = PBXFileReference; lastKnownFileType = sourcecode.swift; path = ContractionTimerView.swift; sourceTree = "<group>"; };
		AABB000000000107 /* DesignSystem.swift */ = {isa = PBXFileReference; lastKnownFileType = sourcecode.swift; path = DesignSystem.swift; sourceTree = "<group>"; };
		AABB000000000109 /* HomeView.swift */ = {isa = PBXFileReference; lastKnownFileType = sourcecode.swift; path = HomeView.swift; sourceTree = "<group>"; };
		AABB00000000010A /* JournalView.swift */ = {isa = PBXFileReference; lastKnownFileType = sourcecode.swift; path = JournalView.swift; sourceTree = "<group>"; };
		AABB00000000010B /* KnowledgeBaseData.swift */ = {isa = PBXFileReference; lastKnownFileType = sourcecode.swift; path = KnowledgeBaseData.swift; sourceTree = "<group>"; };
		AABB00000000010C /* KnowledgeBaseView.swift */ = {isa = PBXFileReference; lastKnownFileType = sourcecode.swift; path = KnowledgeBaseView.swift; sourceTree = "<group>"; };
		AABB00000000010D /* Models.swift */ = {isa = PBXFileReference; lastKnownFileType = sourcecode.swift; path = Models.swift; sourceTree = "<group>"; };
		AABB00000000010E /* OnboardingView.swift */ = {isa = PBXFileReference; lastKnownFileType = sourcecode.swift; path = OnboardingView.swift; sourceTree = "<group>"; };
		AABB00000000010F /* ProfileView.swift */ = {isa = PBXFileReference; lastKnownFileType = sourcecode.swift; path = ProfileView.swift; sourceTree = "<group>"; };
		AABB000000000401 /* ChildrenStories.swift */ = {isa = PBXFileReference; lastKnownFileType = sourcecode.swift; path = ChildrenStories.swift; sourceTree = "<group>"; };
		AABB000000000402 /* CompareView.swift */ = {isa = PBXFileReference; lastKnownFileType = sourcecode.swift; path = CompareView.swift; sourceTree = "<group>"; };
		AABB000000000403 /* CourseData.swift */ = {isa = PBXFileReference; lastKnownFileType = sourcecode.swift; path = CourseData.swift; sourceTree = "<group>"; };
		AABB000000000404 /* CoursesView.swift */ = {isa = PBXFileReference; lastKnownFileType = sourcecode.swift; path = CoursesView.swift; sourceTree = "<group>"; };
		AABB000000000405 /* CycleTracker.swift */ = {isa = PBXFileReference; lastKnownFileType = sourcecode.swift; path = CycleTracker.swift; sourceTree = "<group>"; };
		AABB000000000406 /* DuJustNuData.swift */ = {isa = PBXFileReference; lastKnownFileType = sourcecode.swift; path = DuJustNuData.swift; sourceTree = "<group>"; };
		AABB000000000407 /* DuJustNuView.swift */ = {isa = PBXFileReference; lastKnownFileType = sourcecode.swift; path = DuJustNuView.swift; sourceTree = "<group>"; };
		AABB000000000408 /* FertilityDashboard.swift */ = {isa = PBXFileReference; lastKnownFileType = sourcecode.swift; path = FertilityDashboard.swift; sourceTree = "<group>"; };
		AABB000000000409 /* ForumCard.swift */ = {isa = PBXFileReference; lastKnownFileType = sourcecode.swift; path = ForumCard.swift; sourceTree = "<group>"; };
		AABB00000000040A /* GrowthCharts.swift */ = {isa = PBXFileReference; lastKnownFileType = sourcecode.swift; path = GrowthCharts.swift; sourceTree = "<group>"; };
		AABB00000000040B /* LogGraphs.swift */ = {isa = PBXFileReference; lastKnownFileType = sourcecode.swift; path = LogGraphs.swift; sourceTree = "<group>"; };
		AABB00000000040C /* LoggingHub.swift */ = {isa = PBXFileReference; lastKnownFileType = sourcecode.swift; path = LoggingHub.swift; sourceTree = "<group>"; };
		AABB00000000040D /* MockFirebaseService.swift */ = {isa = PBXFileReference; lastKnownFileType = sourcecode.swift; path = MockFirebaseService.swift; sourceTree = "<group>"; };
		AABB00000000040E /* PregnancyDashboard.swift */ = {isa = PBXFileReference; lastKnownFileType = sourcecode.swift; path = PregnancyDashboard.swift; sourceTree = "<group>"; };
		AABB00000000040F /* PregnancyWeekData.swift */ = {isa = PBXFileReference; lastKnownFileType = sourcecode.swift; path = PregnancyWeekData.swift; sourceTree = "<group>"; };
		AABB000000000410 /* ResourcesView.swift */ = {isa = PBXFileReference; lastKnownFileType = sourcecode.swift; path = ResourcesView.swift; sourceTree = "<group>"; };
		AABB000000000411 /* StoriesView.swift */ = {isa = PBXFileReference; lastKnownFileType = sourcecode.swift; path = StoriesView.swift; sourceTree = "<group>"; };
		AABB000000000412 /* WeekByWeekView.swift */ = {isa = PBXFileReference; lastKnownFileType = sourcecode.swift; path = WeekByWeekView.swift; sourceTree = "<group>"; };
		/* Test references */
		BBCC000000000011 /* BabyCareTests.xctest */ = {isa = PBXFileReference; explicitFileType = wrapper.cfbundle; includeInIndex = 0; path = BabyCareTests.xctest; sourceTree = BUILT_PRODUCTS_DIR; };
		BBCC000000000101 /* BabyCareTests.swift */ = {isa = PBXFileReference; lastKnownFileType = sourcecode.swift; path = BabyCareTests.swift; sourceTree = "<group>"; };
/* End PBXFileReference section */

/* Begin PBXFrameworksBuildPhase section */
		AABB000000000022 /* Frameworks */ = {
			isa = PBXFrameworksBuildPhase;
			buildActionMask = 2147483647;
			files = (
			);
			runOnlyForDeploymentPostprocessing = 0;
		};
		BBCC000000000022 /* Frameworks */ = {
			isa = PBXFrameworksBuildPhase;
			buildActionMask = 2147483647;
			files = (
			);
			runOnlyForDeploymentPostprocessing = 0;
		};
/* End PBXFrameworksBuildPhase section */

/* Begin PBXGroup section */
		AABB000000000002 = {
			isa = PBXGroup;
			children = (
				AABB000000000003 /* Sources */,
				AABB000000000004 /* App */,
				BBCC000000000003 /* Tests */,
				AABB000000000005 /* Products */,
			);
			sourceTree = "<group>";
		};
		AABB000000000003 /* Sources */ = {
			isa = PBXGroup;
			children = (
				AABB000000000101 /* BabyCareApp.swift */,
				AABB000000000103 /* CalendarView.swift */,
				AABB000000000401 /* ChildrenStories.swift */,
				AABB000000000402 /* CompareView.swift */,
				AABB000000000105 /* ContentView.swift */,
				AABB000000000106 /* ContractionTimerView.swift */,
				AABB000000000403 /* CourseData.swift */,
				AABB000000000404 /* CoursesView.swift */,
				AABB000000000405 /* CycleTracker.swift */,
				AABB000000000107 /* DesignSystem.swift */,
				AABB000000000406 /* DuJustNuData.swift */,
				AABB000000000407 /* DuJustNuView.swift */,
				AABB000000000408 /* FertilityDashboard.swift */,
				AABB000000000409 /* ForumCard.swift */,
				AABB00000000040A /* GrowthCharts.swift */,
				AABB000000000109 /* HomeView.swift */,
				AABB00000000010A /* JournalView.swift */,
				AABB00000000010B /* KnowledgeBaseData.swift */,
				AABB00000000010C /* KnowledgeBaseView.swift */,
				AABB00000000040B /* LogGraphs.swift */,
				AABB00000000040C /* LoggingHub.swift */,
				AABB00000000040D /* MockFirebaseService.swift */,
				AABB00000000010D /* Models.swift */,
				AABB00000000010E /* OnboardingView.swift */,
				AABB00000000040E /* PregnancyDashboard.swift */,
				AABB00000000040F /* PregnancyWeekData.swift */,
				AABB00000000010F /* ProfileView.swift */,
				AABB000000000410 /* ResourcesView.swift */,
				AABB000000000411 /* StoriesView.swift */,
				AABB000000000412 /* WeekByWeekView.swift */,
			);
			name = Sources;
			path = Sources/BabyCare;
			sourceTree = SOURCE_ROOT;
		};
		AABB000000000004 /* App */ = {
			isa = PBXGroup;
			children = (
				AABB000000000050 /* Assets.xcassets */,
				AABB000000000052 /* Info.plist */,
			);
			path = App;
			sourceTree = SOURCE_ROOT;
		};
		BBCC000000000003 /* Tests */ = {
			isa = PBXGroup;
			children = (
				BBCC000000000101 /* BabyCareTests.swift */,
			);
			name = Tests;
			path = Tests/BabyCareTests;
			sourceTree = SOURCE_ROOT;
		};
		AABB000000000005 /* Products */ = {
			isa = PBXGroup;
			children = (
				AABB000000000011 /* BabyCare.app */,
				BBCC000000000011 /* BabyCareTests.xctest */,
			);
			name = Products;
			sourceTree = "<group>";
		};
/* End PBXGroup section */

/* Begin PBXNativeTarget section */
		AABB000000000010 /* BabyCare */ = {
			isa = PBXNativeTarget;
			buildConfigurationList = AABB000000000031 /* Build configuration list for PBXNativeTarget "BabyCare" */;
			buildPhases = (
				AABB000000000020 /* Sources */,
				AABB000000000022 /* Frameworks */,
				AABB000000000021 /* Resources */,
			);
			buildRules = (
			);
			dependencies = (
			);
			name = BabyCare;
			productName = BabyCare;
			productReference = AABB000000000011 /* BabyCare.app */;
			productType = "com.apple.product-type.application";
		};
		BBCC000000000010 /* BabyCareTests */ = {
			isa = PBXNativeTarget;
			buildConfigurationList = BBCC000000000031 /* Build configuration list for PBXNativeTarget "BabyCareTests" */;
			buildPhases = (
				BBCC000000000020 /* Sources */,
				BBCC000000000022 /* Frameworks */,
			);
			buildRules = (
			);
			dependencies = (
				BBCC000000000070 /* PBXTargetDependency */,
			);
			name = BabyCareTests;
			productName = BabyCareTests;
			productReference = BBCC000000000011 /* BabyCareTests.xctest */;
			productType = "com.apple.product-type.bundle.unit-test";
		};
/* End PBXNativeTarget section */

/* Begin PBXProject section */
		AABB000000000001 /* Project object */ = {
			isa = PBXProject;
			attributes = {
				BuildIndependentTargetsInParallel = 1;
				LastSwiftUpdateCheck = 1500;
				LastUpgradeCheck = 1500;
				TargetAttributes = {
					AABB000000000010 = {
						CreatedOnToolsVersion = 15.0;
					};
					BBCC000000000010 = {
						CreatedOnToolsVersion = 15.0;
						TestTargetID = AABB000000000010;
					};
				};
			};
			buildConfigurationList = AABB000000000030 /* Build configuration list for PBXProject "BabyCare" */;
			compatibilityVersion = "Xcode 14.0";
			developmentRegion = sv;
			hasScannedForEncodings = 0;
			knownRegions = (
				sv,
				en,
				Base,
			);
			mainGroup = AABB000000000002;
			projectDirPath = "";
			projectRoot = "";
			targets = (
				AABB000000000010 /* BabyCare */,
				BBCC000000000010 /* BabyCareTests */,
			);
		};
/* End PBXProject section */

/* Begin PBXResourcesBuildPhase section */
		AABB000000000021 /* Resources */ = {
			isa = PBXResourcesBuildPhase;
			buildActionMask = 2147483647;
			files = (
				AABB000000000051 /* Assets.xcassets in Resources */,
			);
			runOnlyForDeploymentPostprocessing = 0;
		};
/* End PBXResourcesBuildPhase section */

/* Begin PBXSourcesBuildPhase section */
		AABB000000000020 /* Sources */ = {
			isa = PBXSourcesBuildPhase;
			buildActionMask = 2147483647;
			files = (
				AABB000000000201 /* BabyCareApp.swift in Sources */,
				AABB000000000203 /* CalendarView.swift in Sources */,
				AABB000000000301 /* ChildrenStories.swift in Sources */,
				AABB000000000302 /* CompareView.swift in Sources */,
				AABB000000000205 /* ContentView.swift in Sources */,
				AABB000000000206 /* ContractionTimerView.swift in Sources */,
				AABB000000000303 /* CourseData.swift in Sources */,
				AABB000000000304 /* CoursesView.swift in Sources */,
				AABB000000000305 /* CycleTracker.swift in Sources */,
				AABB000000000207 /* DesignSystem.swift in Sources */,
				AABB000000000306 /* DuJustNuData.swift in Sources */,
				AABB000000000307 /* DuJustNuView.swift in Sources */,
				AABB000000000308 /* FertilityDashboard.swift in Sources */,
				AABB000000000309 /* ForumCard.swift in Sources */,
				AABB00000000030A /* GrowthCharts.swift in Sources */,
				AABB000000000209 /* HomeView.swift in Sources */,
				AABB00000000020A /* JournalView.swift in Sources */,
				AABB00000000020B /* KnowledgeBaseData.swift in Sources */,
				AABB00000000020C /* KnowledgeBaseView.swift in Sources */,
				AABB00000000030B /* LogGraphs.swift in Sources */,
				AABB00000000030C /* LoggingHub.swift in Sources */,
				AABB00000000030D /* MockFirebaseService.swift in Sources */,
				AABB00000000020D /* Models.swift in Sources */,
				AABB00000000020E /* OnboardingView.swift in Sources */,
				AABB00000000030E /* PregnancyDashboard.swift in Sources */,
				AABB00000000030F /* PregnancyWeekData.swift in Sources */,
				AABB00000000020F /* ProfileView.swift in Sources */,
				AABB000000000310 /* ResourcesView.swift in Sources */,
				AABB000000000311 /* StoriesView.swift in Sources */,
				AABB000000000312 /* WeekByWeekView.swift in Sources */,
			);
			runOnlyForDeploymentPostprocessing = 0;
		};
		BBCC000000000020 /* Sources */ = {
			isa = PBXSourcesBuildPhase;
			buildActionMask = 2147483647;
			files = (
				BBCC000000000201 /* BabyCareTests.swift in Sources */,
			);
			runOnlyForDeploymentPostprocessing = 0;
		};
/* End PBXSourcesBuildPhase section */

/* Begin PBXTargetDependency section */
		BBCC000000000070 /* PBXTargetDependency */ = {
			isa = PBXTargetDependency;
			target = AABB000000000010 /* BabyCare */;
			targetProxy = BBCC000000000071 /* PBXContainerItemProxy */;
		};
/* End PBXTargetDependency section */

/* Begin PBXContainerItemProxy section */
		BBCC000000000071 /* PBXContainerItemProxy */ = {
			isa = PBXContainerItemProxy;
			containerPortal = AABB000000000001 /* Project object */;
			proxyType = 1;
			remoteGlobalIDString = AABB000000000010;
			remoteInfo = BabyCare;
		};
/* End PBXContainerItemProxy section */

/* Begin XCBuildConfiguration section */
		AABB000000000040 /* Debug */ = {
			isa = XCBuildConfiguration;
			buildSettings = {
				ALWAYS_SEARCH_USER_PATHS = NO;
				CLANG_ENABLE_OBJC_ARC = YES;
				COPY_PHASE_STRIP = NO;
				DEBUG_INFORMATION_FORMAT = dwarf;
				ENABLE_STRICT_OBJC_MSGSEND = YES;
				ENABLE_TESTABILITY = YES;
				GCC_DYNAMIC_NO_PIC = NO;
				GCC_NO_COMMON_BLOCKS = YES;
				GCC_OPTIMIZATION_LEVEL = 0;
				GCC_PREPROCESSOR_DEFINITIONS = (
					"DEBUG=1",
					"$(inherited)",
				);
				IPHONEOS_DEPLOYMENT_TARGET = 17.0;
				MTL_ENABLE_DEBUG_INFO = INCLUDE_SOURCE;
				MTL_FAST_MATH = YES;
				ONLY_ACTIVE_ARCH = YES;
				SDKROOT = iphoneos;
				SWIFT_ACTIVE_COMPILATION_CONDITIONS = DEBUG;
				SWIFT_OPTIMIZATION_LEVEL = "-Onone";
				SWIFT_VERSION = 5.0;
			};
			name = Debug;
		};
		AABB000000000041 /* Release */ = {
			isa = XCBuildConfiguration;
			buildSettings = {
				ALWAYS_SEARCH_USER_PATHS = NO;
				CLANG_ENABLE_OBJC_ARC = YES;
				COPY_PHASE_STRIP = NO;
				DEBUG_INFORMATION_FORMAT = "dwarf-with-dsym";
				ENABLE_NS_ASSERTIONS = NO;
				ENABLE_STRICT_OBJC_MSGSEND = YES;
				GCC_NO_COMMON_BLOCKS = YES;
				IPHONEOS_DEPLOYMENT_TARGET = 17.0;
				MTL_FAST_MATH = YES;
				SDKROOT = iphoneos;
				SWIFT_COMPILATION_MODE = wholemodule;
				SWIFT_OPTIMIZATION_LEVEL = "-O";
				SWIFT_VERSION = 5.0;
				VALIDATE_PRODUCT = YES;
			};
			name = Release;
		};
		AABB000000000042 /* Debug */ = {
			isa = XCBuildConfiguration;
			buildSettings = {
				ASSETCATALOG_COMPILER_APPICON_NAME = AppIcon;
				CODE_SIGN_IDENTITY = "iPhone Developer";
				CODE_SIGN_STYLE = Automatic;
				DEVELOPMENT_TEAM = G648H762LD;
				ENABLE_PREVIEWS = YES;
				INFOPLIST_FILE = App/Info.plist;
				IPHONEOS_DEPLOYMENT_TARGET = 17.0;
				PRODUCT_BUNDLE_IDENTIFIER = com.babycare.app;
				PRODUCT_NAME = BabyCare;
				SWIFT_ACTIVE_COMPILATION_CONDITIONS = DEBUG;
				SWIFT_EMIT_LOC_STRINGS = YES;
				SWIFT_VERSION = 5.0;
				TARGETED_DEVICE_FAMILY = "1,2";
			};
			name = Debug;
		};
		AABB000000000043 /* Release */ = {
			isa = XCBuildConfiguration;
			buildSettings = {
				ASSETCATALOG_COMPILER_APPICON_NAME = AppIcon;
				CODE_SIGN_IDENTITY = "iPhone Developer";
				CODE_SIGN_STYLE = Automatic;
				DEVELOPMENT_TEAM = G648H762LD;
				ENABLE_PREVIEWS = YES;
				INFOPLIST_FILE = App/Info.plist;
				IPHONEOS_DEPLOYMENT_TARGET = 17.0;
				PRODUCT_BUNDLE_IDENTIFIER = com.babycare.app;
				PRODUCT_NAME = BabyCare;
				SWIFT_EMIT_LOC_STRINGS = YES;
				SWIFT_OPTIMIZATION_LEVEL = "-O";
				SWIFT_VERSION = 5.0;
				TARGETED_DEVICE_FAMILY = "1,2";
			};
			name = Release;
		};
		BBCC000000000042 /* Debug */ = {
			isa = XCBuildConfiguration;
			buildSettings = {
				BUNDLE_LOADER = "$(TEST_HOST)";
				CODE_SIGN_STYLE = Automatic;
				DEVELOPMENT_TEAM = G648H762LD;
				GENERATE_INFOPLIST_FILE = YES;
				IPHONEOS_DEPLOYMENT_TARGET = 17.0;
				PRODUCT_BUNDLE_IDENTIFIER = com.babycare.app.tests;
				PRODUCT_NAME = BabyCareTests;
				SWIFT_ACTIVE_COMPILATION_CONDITIONS = DEBUG;
				SWIFT_VERSION = 5.0;
				TARGETED_DEVICE_FAMILY = "1,2";
				TEST_HOST = "$(BUILT_PRODUCTS_DIR)/BabyCare.app/$(BUNDLE_EXECUTABLE_FOLDER_PATH)/BabyCare";
			};
			name = Debug;
		};
		BBCC000000000043 /* Release */ = {
			isa = XCBuildConfiguration;
			buildSettings = {
				BUNDLE_LOADER = "$(TEST_HOST)";
				CODE_SIGN_STYLE = Automatic;
				DEVELOPMENT_TEAM = G648H762LD;
				GENERATE_INFOPLIST_FILE = YES;
				IPHONEOS_DEPLOYMENT_TARGET = 17.0;
				PRODUCT_BUNDLE_IDENTIFIER = com.babycare.app.tests;
				PRODUCT_NAME = BabyCareTests;
				SWIFT_VERSION = 5.0;
				TARGETED_DEVICE_FAMILY = "1,2";
				TEST_HOST = "$(BUILT_PRODUCTS_DIR)/BabyCare.app/$(BUNDLE_EXECUTABLE_FOLDER_PATH)/BabyCare";
			};
			name = Release;
		};
/* End XCBuildConfiguration section */

/* Begin XCConfigurationList section */
		AABB000000000030 /* Build configuration list for PBXProject "BabyCare" */ = {
			isa = XCConfigurationList;
			buildConfigurations = (
				AABB000000000040 /* Debug */,
				AABB000000000041 /* Release */,
			);
			defaultConfigurationIsVisible = 0;
			defaultConfigurationName = Release;
		};
		AABB000000000031 /* Build configuration list for PBXNativeTarget "BabyCare" */ = {
			isa = XCConfigurationList;
			buildConfigurations = (
				AABB000000000042 /* Debug */,
				AABB000000000043 /* Release */,
			);
			defaultConfigurationIsVisible = 0;
			defaultConfigurationName = Release;
		};
		BBCC000000000031 /* Build configuration list for PBXNativeTarget "BabyCareTests" */ = {
			isa = XCConfigurationList;
			buildConfigurations = (
				BBCC000000000042 /* Debug */,
				BBCC000000000043 /* Release */,
			);
			defaultConfigurationIsVisible = 0;
			defaultConfigurationName = Release;
		};
/* End XCConfigurationList section */
	};
	rootObject = AABB000000000001 /* Project object */;
}
